// !$*UTF8*$!
{
	archiveVersion = 1;
	classes = {
	};
	objectVersion = 56;
	objects = {

/* Begin PBXBuildFile section */
		855C88E629B68EA40010A209 /* ChefGPTApp.swift in Sources */ = {isa = PBXBuildFile; fileRef = 855C88E529B68EA40010A209 /* ChefGPTApp.swift */; };
		855C88E829B68EA40010A209 /* ContentView.swift in Sources */ = {isa = PBXBuildFile; fileRef = 855C88E729B68EA40010A209 /* ContentView.swift */; };
		855C88EA29B68EA50010A209 /* Assets.xcassets in Resources */ = {isa = PBXBuildFile; fileRef = 855C88E929B68EA50010A209 /* Assets.xcassets */; };
		855C88ED29B68EA50010A209 /* Preview Assets.xcassets in Resources */ = {isa = PBXBuildFile; fileRef = 855C88EC29B68EA50010A209 /* Preview Assets.xcassets */; };
		855C88F729B68EA50010A209 /* ChefGPTTests.swift in Sources */ = {isa = PBXBuildFile; fileRef = 855C88F629B68EA50010A209 /* ChefGPTTests.swift */; };
		855C890129B68EA50010A209 /* ChefGPTUITests.swift in Sources */ = {isa = PBXBuildFile; fileRef = 855C890029B68EA50010A209 /* ChefGPTUITests.swift */; };
		855C890329B68EA50010A209 /* ChefGPTUITestsLaunchTests.swift in Sources */ = {isa = PBXBuildFile; fileRef = 855C890229B68EA50010A209 /* ChefGPTUITestsLaunchTests.swift */; };
		8572075729E1CE720069A954 /* RecipeModel.xcdatamodeld in Sources */ = {isa = PBXBuildFile; fileRef = 8572075529E1CE710069A954 /* RecipeModel.xcdatamodeld */; };
		8572075929E34A230069A954 /* DataController.swift in Sources */ = {isa = PBXBuildFile; fileRef = 8572075829E34A230069A954 /* DataController.swift */; };
		857879FC29DB96B000FB4A3A /* Extensions.swift in Sources */ = {isa = PBXBuildFile; fileRef = 857879FB29DB96B000FB4A3A /* Extensions.swift */; };
		9B01998929D1D940002767EA /* RecipeCardView.swift in Sources */ = {isa = PBXBuildFile; fileRef = 9B01998829D1D93F002767EA /* RecipeCardView.swift */; };
		9B01998B29D1DB68002767EA /* Model.swift in Sources */ = {isa = PBXBuildFile; fileRef = 9B01998A29D1DB68002767EA /* Model.swift */; };
		9B01998D29D1DC6B002767EA /* SavedRecipe.swift in Sources */ = {isa = PBXBuildFile; fileRef = 9B01998C29D1DC6B002767EA /* SavedRecipe.swift */; };
		9B0542D029C292F000D18E3B /* IngredientClassifier.mlmodel in Sources */ = {isa = PBXBuildFile; fileRef = 9B0542CF29C292F000D18E3B /* IngredientClassifier.mlmodel */; };
		9B12483D29D632C000CFE345 /* ImageClassifier.swift in Sources */ = {isa = PBXBuildFile; fileRef = 9B12483C29D632C000CFE345 /* ImageClassifier.swift */; };
		9B12483F29D63D3000CFE345 /* ColorExtensions.swift in Sources */ = {isa = PBXBuildFile; fileRef = 9B12483E29D63D3000CFE345 /* ColorExtensions.swift */; };
		9B2854F129BF7593005DE35B /* MainView.swift in Sources */ = {isa = PBXBuildFile; fileRef = 9B2854F029BF7593005DE35B /* MainView.swift */; };
		9B2854F329BF75C4005DE35B /* HomeView.swift in Sources */ = {isa = PBXBuildFile; fileRef = 9B2854F229BF75C4005DE35B /* HomeView.swift */; };
		9B2854F529BF75C8005DE35B /* PantryView.swift in Sources */ = {isa = PBXBuildFile; fileRef = 9B2854F429BF75C8005DE35B /* PantryView.swift */; };
		9B2854F729BF75D1005DE35B /* ExploreView.swift in Sources */ = {isa = PBXBuildFile; fileRef = 9B2854F629BF75D1005DE35B /* ExploreView.swift */; };
		9B4630B629BFE26100DCAB5A /* RecipeInfo.swift in Sources */ = {isa = PBXBuildFile; fileRef = 9B4630B529BFE26100DCAB5A /* RecipeInfo.swift */; };
		9B4630B829BFE2A200DCAB5A /* SpoonacularRequest.swift in Sources */ = {isa = PBXBuildFile; fileRef = 9B4630B729BFE2A200DCAB5A /* SpoonacularRequest.swift */; };
		9B6F39B529D9E3F9006820BB /* CameraView.swift in Sources */ = {isa = PBXBuildFile; fileRef = 9B6F39B429D9E3F9006820BB /* CameraView.swift */; };
		9B6F39B729D9E3FF006820BB /* CameraPreview.swift in Sources */ = {isa = PBXBuildFile; fileRef = 9B6F39B629D9E3FF006820BB /* CameraPreview.swift */; };
		9B6F39B929D9E40D006820BB /* CameraModel.swift in Sources */ = {isa = PBXBuildFile; fileRef = 9B6F39B829D9E40D006820BB /* CameraModel.swift */; };
		9B6F39BB29D9EB94006820BB /* CameraFoodConfirmationView.swift in Sources */ = {isa = PBXBuildFile; fileRef = 9B6F39BA29D9EB94006820BB /* CameraFoodConfirmationView.swift */; };
		9B7E0B5229D25DDB00E12019 /* IndividualIngredientView.swift in Sources */ = {isa = PBXBuildFile; fileRef = 9B7E0B5129D25DDB00E12019 /* IndividualIngredientView.swift */; };
		9B97376629C23281007D373A /* ImagePicker.swift in Sources */ = {isa = PBXBuildFile; fileRef = 9B97376529C23281007D373A /* ImagePicker.swift */; };
		A808858B29E4C6270011D745 /* ScanView.swift in Sources */ = {isa = PBXBuildFile; fileRef = A808858A29E4C6270011D745 /* ScanView.swift */; };
/* End PBXBuildFile section */

/* Begin PBXContainerItemProxy section */
		855C88F329B68EA50010A209 /* PBXContainerItemProxy */ = {
			isa = PBXContainerItemProxy;
			containerPortal = 855C88DA29B68EA40010A209 /* Project object */;
			proxyType = 1;
			remoteGlobalIDString = 855C88E129B68EA40010A209;
			remoteInfo = ChefGPT;
		};
		855C88FD29B68EA50010A209 /* PBXContainerItemProxy */ = {
			isa = PBXContainerItemProxy;
			containerPortal = 855C88DA29B68EA40010A209 /* Project object */;
			proxyType = 1;
			remoteGlobalIDString = 855C88E129B68EA40010A209;
			remoteInfo = ChefGPT;
		};
/* End PBXContainerItemProxy section */

/* Begin PBXFileReference section */
		855C88E229B68EA40010A209 /* ChefGPT.app */ = {isa = PBXFileReference; explicitFileType = wrapper.application; includeInIndex = 0; path = ChefGPT.app; sourceTree = BUILT_PRODUCTS_DIR; };
		855C88E529B68EA40010A209 /* ChefGPTApp.swift */ = {isa = PBXFileReference; lastKnownFileType = sourcecode.swift; path = ChefGPTApp.swift; sourceTree = "<group>"; };
		855C88E729B68EA40010A209 /* ContentView.swift */ = {isa = PBXFileReference; lastKnownFileType = sourcecode.swift; name = ContentView.swift; path = Views/ContentView.swift; sourceTree = "<group>"; };
		855C88E929B68EA50010A209 /* Assets.xcassets */ = {isa = PBXFileReference; lastKnownFileType = folder.assetcatalog; path = Assets.xcassets; sourceTree = "<group>"; };
		855C88EC29B68EA50010A209 /* Preview Assets.xcassets */ = {isa = PBXFileReference; lastKnownFileType = folder.assetcatalog; path = "Preview Assets.xcassets"; sourceTree = "<group>"; };
		855C88F229B68EA50010A209 /* ChefGPTTests.xctest */ = {isa = PBXFileReference; explicitFileType = wrapper.cfbundle; includeInIndex = 0; path = ChefGPTTests.xctest; sourceTree = BUILT_PRODUCTS_DIR; };
		855C88F629B68EA50010A209 /* ChefGPTTests.swift */ = {isa = PBXFileReference; lastKnownFileType = sourcecode.swift; path = ChefGPTTests.swift; sourceTree = "<group>"; };
		855C88FC29B68EA50010A209 /* ChefGPTUITests.xctest */ = {isa = PBXFileReference; explicitFileType = wrapper.cfbundle; includeInIndex = 0; path = ChefGPTUITests.xctest; sourceTree = BUILT_PRODUCTS_DIR; };
		855C890029B68EA50010A209 /* ChefGPTUITests.swift */ = {isa = PBXFileReference; lastKnownFileType = sourcecode.swift; path = ChefGPTUITests.swift; sourceTree = "<group>"; };
		855C890229B68EA50010A209 /* ChefGPTUITestsLaunchTests.swift */ = {isa = PBXFileReference; lastKnownFileType = sourcecode.swift; path = ChefGPTUITestsLaunchTests.swift; sourceTree = "<group>"; };
		8572075629E1CE710069A954 /* RecipeModel.xcdatamodel */ = {isa = PBXFileReference; lastKnownFileType = wrapper.xcdatamodel; path = RecipeModel.xcdatamodel; sourceTree = "<group>"; };
		8572075829E34A230069A954 /* DataController.swift */ = {isa = PBXFileReference; lastKnownFileType = sourcecode.swift; path = DataController.swift; sourceTree = "<group>"; };
		857879FB29DB96B000FB4A3A /* Extensions.swift */ = {isa = PBXFileReference; lastKnownFileType = sourcecode.swift; name = Extensions.swift; path = Backend/Extensions.swift; sourceTree = "<group>"; };
		9B01998829D1D93F002767EA /* RecipeCardView.swift */ = {isa = PBXFileReference; lastKnownFileType = sourcecode.swift; path = RecipeCardView.swift; sourceTree = "<group>"; };
		9B01998A29D1DB68002767EA /* Model.swift */ = {isa = PBXFileReference; lastKnownFileType = sourcecode.swift; path = Model.swift; sourceTree = "<group>"; };
		9B01998C29D1DC6B002767EA /* SavedRecipe.swift */ = {isa = PBXFileReference; lastKnownFileType = sourcecode.swift; path = SavedRecipe.swift; sourceTree = "<group>"; };
		9B0542CF29C292F000D18E3B /* IngredientClassifier.mlmodel */ = {isa = PBXFileReference; lastKnownFileType = file.mlmodel; path = IngredientClassifier.mlmodel; sourceTree = "<group>"; };
		9B12483C29D632C000CFE345 /* ImageClassifier.swift */ = {isa = PBXFileReference; lastKnownFileType = sourcecode.swift; path = ImageClassifier.swift; sourceTree = "<group>"; };
		9B12483E29D63D3000CFE345 /* ColorExtensions.swift */ = {isa = PBXFileReference; lastKnownFileType = sourcecode.swift; path = ColorExtensions.swift; sourceTree = "<group>"; };
		9B2854F029BF7593005DE35B /* MainView.swift */ = {isa = PBXFileReference; lastKnownFileType = sourcecode.swift; path = MainView.swift; sourceTree = "<group>"; };
		9B2854F229BF75C4005DE35B /* HomeView.swift */ = {isa = PBXFileReference; lastKnownFileType = sourcecode.swift; path = HomeView.swift; sourceTree = "<group>"; };
		9B2854F429BF75C8005DE35B /* PantryView.swift */ = {isa = PBXFileReference; lastKnownFileType = sourcecode.swift; path = PantryView.swift; sourceTree = "<group>"; };
		9B2854F629BF75D1005DE35B /* ExploreView.swift */ = {isa = PBXFileReference; lastKnownFileType = sourcecode.swift; path = ExploreView.swift; sourceTree = "<group>"; };
		9B4630B529BFE26100DCAB5A /* RecipeInfo.swift */ = {isa = PBXFileReference; lastKnownFileType = sourcecode.swift; path = RecipeInfo.swift; sourceTree = "<group>"; };
		9B4630B729BFE2A200DCAB5A /* SpoonacularRequest.swift */ = {isa = PBXFileReference; lastKnownFileType = sourcecode.swift; path = SpoonacularRequest.swift; sourceTree = "<group>"; };
		9B6F39B429D9E3F9006820BB /* CameraView.swift */ = {isa = PBXFileReference; lastKnownFileType = sourcecode.swift; path = CameraView.swift; sourceTree = "<group>"; };
		9B6F39B629D9E3FF006820BB /* CameraPreview.swift */ = {isa = PBXFileReference; lastKnownFileType = sourcecode.swift; path = CameraPreview.swift; sourceTree = "<group>"; };
		9B6F39B829D9E40D006820BB /* CameraModel.swift */ = {isa = PBXFileReference; lastKnownFileType = sourcecode.swift; path = CameraModel.swift; sourceTree = "<group>"; };
		9B6F39BA29D9EB94006820BB /* CameraFoodConfirmationView.swift */ = {isa = PBXFileReference; lastKnownFileType = sourcecode.swift; path = CameraFoodConfirmationView.swift; sourceTree = "<group>"; };
		9B7E0B5129D25DDB00E12019 /* IndividualIngredientView.swift */ = {isa = PBXFileReference; lastKnownFileType = sourcecode.swift; path = IndividualIngredientView.swift; sourceTree = "<group>"; };
		9B97376529C23281007D373A /* ImagePicker.swift */ = {isa = PBXFileReference; lastKnownFileType = sourcecode.swift; path = ImagePicker.swift; sourceTree = "<group>"; };
		A808858A29E4C6270011D745 /* ScanView.swift */ = {isa = PBXFileReference; lastKnownFileType = sourcecode.swift; path = ScanView.swift; sourceTree = "<group>"; };
/* End PBXFileReference section */

/* Begin PBXFrameworksBuildPhase section */
		855C88DF29B68EA40010A209 /* Frameworks */ = {
			isa = PBXFrameworksBuildPhase;
			buildActionMask = 2147483647;
			files = (
			);
			runOnlyForDeploymentPostprocessing = 0;
		};
		855C88EF29B68EA50010A209 /* Frameworks */ = {
			isa = PBXFrameworksBuildPhase;
			buildActionMask = 2147483647;
			files = (
			);
			runOnlyForDeploymentPostprocessing = 0;
		};
		855C88F929B68EA50010A209 /* Frameworks */ = {
			isa = PBXFrameworksBuildPhase;
			buildActionMask = 2147483647;
			files = (
			);
			runOnlyForDeploymentPostprocessing = 0;
		};
/* End PBXFrameworksBuildPhase section */

/* Begin PBXGroup section */
		855C88D929B68EA40010A209 = {
			isa = PBXGroup;
			children = (
				855C88E429B68EA40010A209 /* ChefGPT */,
				855C88F529B68EA50010A209 /* ChefGPTTests */,
				855C88FF29B68EA50010A209 /* ChefGPTUITests */,
				855C88E329B68EA40010A209 /* Products */,
			);
			sourceTree = "<group>";
		};
		855C88E329B68EA40010A209 /* Products */ = {
			isa = PBXGroup;
			children = (
				855C88E229B68EA40010A209 /* ChefGPT.app */,
				855C88F229B68EA50010A209 /* ChefGPTTests.xctest */,
				855C88FC29B68EA50010A209 /* ChefGPTUITests.xctest */,
			);
			name = Products;
			sourceTree = "<group>";
		};
		855C88E429B68EA40010A209 /* ChefGPT */ = {
			isa = PBXGroup;
			children = (
				857879FB29DB96B000FB4A3A /* Extensions.swift */,
				855C88E529B68EA40010A209 /* ChefGPTApp.swift */,
				855C88E729B68EA40010A209 /* ContentView.swift */,
				9B97376A29C237FC007D373A /* Backend */,
				9B97376929C237F0007D373A /* Views */,
				855C88E929B68EA50010A209 /* Assets.xcassets */,
				855C88EB29B68EA50010A209 /* Preview Content */,
			);
			path = ChefGPT;
			sourceTree = "<group>";
		};
		855C88EB29B68EA50010A209 /* Preview Content */ = {
			isa = PBXGroup;
			children = (
				855C88EC29B68EA50010A209 /* Preview Assets.xcassets */,
			);
			path = "Preview Content";
			sourceTree = "<group>";
		};
		855C88F529B68EA50010A209 /* ChefGPTTests */ = {
			isa = PBXGroup;
			children = (
				855C88F629B68EA50010A209 /* ChefGPTTests.swift */,
			);
			path = ChefGPTTests;
			sourceTree = "<group>";
		};
		855C88FF29B68EA50010A209 /* ChefGPTUITests */ = {
			isa = PBXGroup;
			children = (
				855C890029B68EA50010A209 /* ChefGPTUITests.swift */,
				855C890229B68EA50010A209 /* ChefGPTUITestsLaunchTests.swift */,
			);
			path = ChefGPTUITests;
			sourceTree = "<group>";
		};
		8572075129E1CCD00069A954 /* Classification */ = {
			isa = PBXGroup;
			children = (
				9B0542CF29C292F000D18E3B /* IngredientClassifier.mlmodel */,
				9B12483C29D632C000CFE345 /* ImageClassifier.swift */,
			);
			path = Classification;
			sourceTree = "<group>";
		};
		8572075229E1CD090069A954 /* Test */ = {
			isa = PBXGroup;
			children = (
				9B01998A29D1DB68002767EA /* Model.swift */,
				9B01998C29D1DC6B002767EA /* SavedRecipe.swift */,
			);
			path = Test;
			sourceTree = "<group>";
		};
		8572075329E1CD270069A954 /* API Interface */ = {
			isa = PBXGroup;
			children = (
				9B4630B529BFE26100DCAB5A /* RecipeInfo.swift */,
				9B4630B729BFE2A200DCAB5A /* SpoonacularRequest.swift */,
			);
			path = "API Interface";
			sourceTree = "<group>";
		};
		8572075429E1CD560069A954 /* Data */ = {
			isa = PBXGroup;
			children = (
				8572075529E1CE710069A954 /* RecipeModel.xcdatamodeld */,
				8572075829E34A230069A954 /* DataController.swift */,
			);
			path = Data;
			sourceTree = "<group>";
		};
		9B403E4629DA244D004FBE67 /* Files for Adding Ingredients */ = {
			isa = PBXGroup;
			children = (
				9B6F39B429D9E3F9006820BB /* CameraView.swift */,
				9B6F39B629D9E3FF006820BB /* CameraPreview.swift */,
				9B6F39B829D9E40D006820BB /* CameraModel.swift */,
				9B6F39BA29D9EB94006820BB /* CameraFoodConfirmationView.swift */,
			);
			path = "Files for Adding Ingredients";
			sourceTree = "<group>";
		};
		9B97376929C237F0007D373A /* Views */ = {
			isa = PBXGroup;
			children = (
				9B2854F029BF7593005DE35B /* MainView.swift */,
				A808858A29E4C6270011D745 /* ScanView.swift */,
				9BC0D85329D2339E00EDEADB /* Home Tab Views */,
				9BC0D85229D2337400EDEADB /* Pantry Tab Views */,
				9BC0D85529D233BB00EDEADB /* Explore Tab Views */,
				9B12483E29D63D3000CFE345 /* ColorExtensions.swift */,
			);
			path = Views;
			sourceTree = "<group>";
		};
		9B97376A29C237FC007D373A /* Backend */ = {
			isa = PBXGroup;
			children = (
				8572075429E1CD560069A954 /* Data */,
				8572075129E1CCD00069A954 /* Classification */,
				8572075329E1CD270069A954 /* API Interface */,
				8572075229E1CD090069A954 /* Test */,
			);
			path = Backend;
			sourceTree = "<group>";
		};
		9BC0D85229D2337400EDEADB /* Pantry Tab Views */ = {
			isa = PBXGroup;
			children = (
				9B2854F429BF75C8005DE35B /* PantryView.swift */,
				9B7E0B5129D25DDB00E12019 /* IndividualIngredientView.swift */,
				9B97376529C23281007D373A /* ImagePicker.swift */,
				9B403E4629DA244D004FBE67 /* Files for Adding Ingredients */,
			);
			path = "Pantry Tab Views";
			sourceTree = "<group>";
		};
		9BC0D85329D2339E00EDEADB /* Home Tab Views */ = {
			isa = PBXGroup;
			children = (
				9B2854F229BF75C4005DE35B /* HomeView.swift */,
				9B01998829D1D93F002767EA /* RecipeCardView.swift */,
			);
			path = "Home Tab Views";
			sourceTree = "<group>";
		};
		9BC0D85529D233BB00EDEADB /* Explore Tab Views */ = {
			isa = PBXGroup;
			children = (
				9B2854F629BF75D1005DE35B /* ExploreView.swift */,
			);
			path = "Explore Tab Views";
			sourceTree = "<group>";
		};
/* End PBXGroup section */

/* Begin PBXNativeTarget section */
		855C88E129B68EA40010A209 /* ChefGPT */ = {
			isa = PBXNativeTarget;
			buildConfigurationList = 855C890629B68EA50010A209 /* Build configuration list for PBXNativeTarget "ChefGPT" */;
			buildPhases = (
				855C88DE29B68EA40010A209 /* Sources */,
				855C88DF29B68EA40010A209 /* Frameworks */,
				855C88E029B68EA40010A209 /* Resources */,
			);
			buildRules = (
			);
			dependencies = (
			);
			name = ChefGPT;
			productName = ChefGPT;
			productReference = 855C88E229B68EA40010A209 /* ChefGPT.app */;
			productType = "com.apple.product-type.application";
		};
		855C88F129B68EA50010A209 /* ChefGPTTests */ = {
			isa = PBXNativeTarget;
			buildConfigurationList = 855C890929B68EA50010A209 /* Build configuration list for PBXNativeTarget "ChefGPTTests" */;
			buildPhases = (
				855C88EE29B68EA50010A209 /* Sources */,
				855C88EF29B68EA50010A209 /* Frameworks */,
				855C88F029B68EA50010A209 /* Resources */,
			);
			buildRules = (
			);
			dependencies = (
				855C88F429B68EA50010A209 /* PBXTargetDependency */,
			);
			name = ChefGPTTests;
			productName = ChefGPTTests;
			productReference = 855C88F229B68EA50010A209 /* ChefGPTTests.xctest */;
			productType = "com.apple.product-type.bundle.unit-test";
		};
		855C88FB29B68EA50010A209 /* ChefGPTUITests */ = {
			isa = PBXNativeTarget;
			buildConfigurationList = 855C890C29B68EA50010A209 /* Build configuration list for PBXNativeTarget "ChefGPTUITests" */;
			buildPhases = (
				855C88F829B68EA50010A209 /* Sources */,
				855C88F929B68EA50010A209 /* Frameworks */,
				855C88FA29B68EA50010A209 /* Resources */,
			);
			buildRules = (
			);
			dependencies = (
				855C88FE29B68EA50010A209 /* PBXTargetDependency */,
			);
			name = ChefGPTUITests;
			productName = ChefGPTUITests;
			productReference = 855C88FC29B68EA50010A209 /* ChefGPTUITests.xctest */;
			productType = "com.apple.product-type.bundle.ui-testing";
		};
/* End PBXNativeTarget section */

/* Begin PBXProject section */
		855C88DA29B68EA40010A209 /* Project object */ = {
			isa = PBXProject;
			attributes = {
				BuildIndependentTargetsInParallel = 1;
				LastSwiftUpdateCheck = 1420;
				LastUpgradeCheck = 1420;
				TargetAttributes = {
					855C88E129B68EA40010A209 = {
						CreatedOnToolsVersion = 14.2;
					};
					855C88F129B68EA50010A209 = {
						CreatedOnToolsVersion = 14.2;
						TestTargetID = 855C88E129B68EA40010A209;
					};
					855C88FB29B68EA50010A209 = {
						CreatedOnToolsVersion = 14.2;
						TestTargetID = 855C88E129B68EA40010A209;
					};
				};
			};
			buildConfigurationList = 855C88DD29B68EA40010A209 /* Build configuration list for PBXProject "ChefGPT" */;
			compatibilityVersion = "Xcode 14.0";
			developmentRegion = en;
			hasScannedForEncodings = 0;
			knownRegions = (
				en,
				Base,
			);
			mainGroup = 855C88D929B68EA40010A209;
			productRefGroup = 855C88E329B68EA40010A209 /* Products */;
			projectDirPath = "";
			projectRoot = "";
			targets = (
				855C88E129B68EA40010A209 /* ChefGPT */,
				855C88F129B68EA50010A209 /* ChefGPTTests */,
				855C88FB29B68EA50010A209 /* ChefGPTUITests */,
			);
		};
/* End PBXProject section */

/* Begin PBXResourcesBuildPhase section */
		855C88E029B68EA40010A209 /* Resources */ = {
			isa = PBXResourcesBuildPhase;
			buildActionMask = 2147483647;
			files = (
				855C88ED29B68EA50010A209 /* Preview Assets.xcassets in Resources */,
				855C88EA29B68EA50010A209 /* Assets.xcassets in Resources */,
			);
			runOnlyForDeploymentPostprocessing = 0;
		};
		855C88F029B68EA50010A209 /* Resources */ = {
			isa = PBXResourcesBuildPhase;
			buildActionMask = 2147483647;
			files = (
			);
			runOnlyForDeploymentPostprocessing = 0;
		};
		855C88FA29B68EA50010A209 /* Resources */ = {
			isa = PBXResourcesBuildPhase;
			buildActionMask = 2147483647;
			files = (
			);
			runOnlyForDeploymentPostprocessing = 0;
		};
/* End PBXResourcesBuildPhase section */

/* Begin PBXSourcesBuildPhase section */
		855C88DE29B68EA40010A209 /* Sources */ = {
			isa = PBXSourcesBuildPhase;
			buildActionMask = 2147483647;
			files = (
				9B6F39BB29D9EB94006820BB /* CameraFoodConfirmationView.swift in Sources */,
				9B4630B629BFE26100DCAB5A /* RecipeInfo.swift in Sources */,
				9B01998D29D1DC6B002767EA /* SavedRecipe.swift in Sources */,
				855C88E829B68EA40010A209 /* ContentView.swift in Sources */,
				9B6F39B729D9E3FF006820BB /* CameraPreview.swift in Sources */,
				9B97376629C23281007D373A /* ImagePicker.swift in Sources */,
				9B2854F329BF75C4005DE35B /* HomeView.swift in Sources */,
				9B0542D029C292F000D18E3B /* IngredientClassifier.mlmodel in Sources */,
				9B01998B29D1DB68002767EA /* Model.swift in Sources */,
				9B12483D29D632C000CFE345 /* ImageClassifier.swift in Sources */,
				9B01998929D1D940002767EA /* RecipeCardView.swift in Sources */,
				9B4630B829BFE2A200DCAB5A /* SpoonacularRequest.swift in Sources */,
				9B6F39B929D9E40D006820BB /* CameraModel.swift in Sources */,
				8572075729E1CE720069A954 /* RecipeModel.xcdatamodeld in Sources */,
				857879FC29DB96B000FB4A3A /* Extensions.swift in Sources */,
				855C88E629B68EA40010A209 /* ChefGPTApp.swift in Sources */,
				9B7E0B5229D25DDB00E12019 /* IndividualIngredientView.swift in Sources */,
				A808858B29E4C6270011D745 /* ScanView.swift in Sources */,
				9B6F39B529D9E3F9006820BB /* CameraView.swift in Sources */,
				9B2854F129BF7593005DE35B /* MainView.swift in Sources */,
				9B2854F729BF75D1005DE35B /* ExploreView.swift in Sources */,
				8572075929E34A230069A954 /* DataController.swift in Sources */,
				9B2854F529BF75C8005DE35B /* PantryView.swift in Sources */,
				9B12483F29D63D3000CFE345 /* ColorExtensions.swift in Sources */,
			);
			runOnlyForDeploymentPostprocessing = 0;
		};
		855C88EE29B68EA50010A209 /* Sources */ = {
			isa = PBXSourcesBuildPhase;
			buildActionMask = 2147483647;
			files = (
				855C88F729B68EA50010A209 /* ChefGPTTests.swift in Sources */,
			);
			runOnlyForDeploymentPostprocessing = 0;
		};
		855C88F829B68EA50010A209 /* Sources */ = {
			isa = PBXSourcesBuildPhase;
			buildActionMask = 2147483647;
			files = (
				855C890329B68EA50010A209 /* ChefGPTUITestsLaunchTests.swift in Sources */,
				855C890129B68EA50010A209 /* ChefGPTUITests.swift in Sources */,
			);
			runOnlyForDeploymentPostprocessing = 0;
		};
/* End PBXSourcesBuildPhase section */

/* Begin PBXTargetDependency section */
		855C88F429B68EA50010A209 /* PBXTargetDependency */ = {
			isa = PBXTargetDependency;
			target = 855C88E129B68EA40010A209 /* ChefGPT */;
			targetProxy = 855C88F329B68EA50010A209 /* PBXContainerItemProxy */;
		};
		855C88FE29B68EA50010A209 /* PBXTargetDependency */ = {
			isa = PBXTargetDependency;
			target = 855C88E129B68EA40010A209 /* ChefGPT */;
			targetProxy = 855C88FD29B68EA50010A209 /* PBXContainerItemProxy */;
		};
/* End PBXTargetDependency section */

/* Begin XCBuildConfiguration section */
		855C890429B68EA50010A209 /* Debug */ = {
			isa = XCBuildConfiguration;
			buildSettings = {
				ALWAYS_SEARCH_USER_PATHS = NO;
				CLANG_ANALYZER_NONNULL = YES;
				CLANG_ANALYZER_NUMBER_OBJECT_CONVERSION = YES_AGGRESSIVE;
				CLANG_CXX_LANGUAGE_STANDARD = "gnu++20";
				CLANG_ENABLE_MODULES = YES;
				CLANG_ENABLE_OBJC_ARC = YES;
				CLANG_ENABLE_OBJC_WEAK = YES;
				CLANG_WARN_BLOCK_CAPTURE_AUTORELEASING = YES;
				CLANG_WARN_BOOL_CONVERSION = YES;
				CLANG_WARN_COMMA = YES;
				CLANG_WARN_CONSTANT_CONVERSION = YES;
				CLANG_WARN_DEPRECATED_OBJC_IMPLEMENTATIONS = YES;
				CLANG_WARN_DIRECT_OBJC_ISA_USAGE = YES_ERROR;
				CLANG_WARN_DOCUMENTATION_COMMENTS = YES;
				CLANG_WARN_EMPTY_BODY = YES;
				CLANG_WARN_ENUM_CONVERSION = YES;
				CLANG_WARN_INFINITE_RECURSION = YES;
				CLANG_WARN_INT_CONVERSION = YES;
				CLANG_WARN_NON_LITERAL_NULL_CONVERSION = YES;
				CLANG_WARN_OBJC_IMPLICIT_RETAIN_SELF = YES;
				CLANG_WARN_OBJC_LITERAL_CONVERSION = YES;
				CLANG_WARN_OBJC_ROOT_CLASS = YES_ERROR;
				CLANG_WARN_QUOTED_INCLUDE_IN_FRAMEWORK_HEADER = YES;
				CLANG_WARN_RANGE_LOOP_ANALYSIS = YES;
				CLANG_WARN_STRICT_PROTOTYPES = YES;
				CLANG_WARN_SUSPICIOUS_MOVE = YES;
				CLANG_WARN_UNGUARDED_AVAILABILITY = YES_AGGRESSIVE;
				CLANG_WARN_UNREACHABLE_CODE = YES;
				CLANG_WARN__DUPLICATE_METHOD_MATCH = YES;
				COPY_PHASE_STRIP = NO;
				DEBUG_INFORMATION_FORMAT = dwarf;
				ENABLE_STRICT_OBJC_MSGSEND = YES;
				ENABLE_TESTABILITY = YES;
				GCC_C_LANGUAGE_STANDARD = gnu11;
				GCC_DYNAMIC_NO_PIC = NO;
				GCC_NO_COMMON_BLOCKS = YES;
				GCC_OPTIMIZATION_LEVEL = 0;
				GCC_PREPROCESSOR_DEFINITIONS = (
					"DEBUG=1",
					"$(inherited)",
				);
				GCC_WARN_64_TO_32_BIT_CONVERSION = YES;
				GCC_WARN_ABOUT_RETURN_TYPE = YES_ERROR;
				GCC_WARN_UNDECLARED_SELECTOR = YES;
				GCC_WARN_UNINITIALIZED_AUTOS = YES_AGGRESSIVE;
				GCC_WARN_UNUSED_FUNCTION = YES;
				GCC_WARN_UNUSED_VARIABLE = YES;
				IPHONEOS_DEPLOYMENT_TARGET = 16.2;
				MTL_ENABLE_DEBUG_INFO = INCLUDE_SOURCE;
				MTL_FAST_MATH = YES;
				ONLY_ACTIVE_ARCH = YES;
				SDKROOT = iphoneos;
				SWIFT_ACTIVE_COMPILATION_CONDITIONS = DEBUG;
				SWIFT_OPTIMIZATION_LEVEL = "-Onone";
			};
			name = Debug;
		};
		855C890529B68EA50010A209 /* Release */ = {
			isa = XCBuildConfiguration;
			buildSettings = {
				ALWAYS_SEARCH_USER_PATHS = NO;
				CLANG_ANALYZER_NONNULL = YES;
				CLANG_ANALYZER_NUMBER_OBJECT_CONVERSION = YES_AGGRESSIVE;
				CLANG_CXX_LANGUAGE_STANDARD = "gnu++20";
				CLANG_ENABLE_MODULES = YES;
				CLANG_ENABLE_OBJC_ARC = YES;
				CLANG_ENABLE_OBJC_WEAK = YES;
				CLANG_WARN_BLOCK_CAPTURE_AUTORELEASING = YES;
				CLANG_WARN_BOOL_CONVERSION = YES;
				CLANG_WARN_COMMA = YES;
				CLANG_WARN_CONSTANT_CONVERSION = YES;
				CLANG_WARN_DEPRECATED_OBJC_IMPLEMENTATIONS = YES;
				CLANG_WARN_DIRECT_OBJC_ISA_USAGE = YES_ERROR;
				CLANG_WARN_DOCUMENTATION_COMMENTS = YES;
				CLANG_WARN_EMPTY_BODY = YES;
				CLANG_WARN_ENUM_CONVERSION = YES;
				CLANG_WARN_INFINITE_RECURSION = YES;
				CLANG_WARN_INT_CONVERSION = YES;
				CLANG_WARN_NON_LITERAL_NULL_CONVERSION = YES;
				CLANG_WARN_OBJC_IMPLICIT_RETAIN_SELF = YES;
				CLANG_WARN_OBJC_LITERAL_CONVERSION = YES;
				CLANG_WARN_OBJC_ROOT_CLASS = YES_ERROR;
				CLANG_WARN_QUOTED_INCLUDE_IN_FRAMEWORK_HEADER = YES;
				CLANG_WARN_RANGE_LOOP_ANALYSIS = YES;
				CLANG_WARN_STRICT_PROTOTYPES = YES;
				CLANG_WARN_SUSPICIOUS_MOVE = YES;
				CLANG_WARN_UNGUARDED_AVAILABILITY = YES_AGGRESSIVE;
				CLANG_WARN_UNREACHABLE_CODE = YES;
				CLANG_WARN__DUPLICATE_METHOD_MATCH = YES;
				COPY_PHASE_STRIP = NO;
				DEBUG_INFORMATION_FORMAT = "dwarf-with-dsym";
				ENABLE_NS_ASSERTIONS = NO;
				ENABLE_STRICT_OBJC_MSGSEND = YES;
				GCC_C_LANGUAGE_STANDARD = gnu11;
				GCC_NO_COMMON_BLOCKS = YES;
				GCC_WARN_64_TO_32_BIT_CONVERSION = YES;
				GCC_WARN_ABOUT_RETURN_TYPE = YES_ERROR;
				GCC_WARN_UNDECLARED_SELECTOR = YES;
				GCC_WARN_UNINITIALIZED_AUTOS = YES_AGGRESSIVE;
				GCC_WARN_UNUSED_FUNCTION = YES;
				GCC_WARN_UNUSED_VARIABLE = YES;
				IPHONEOS_DEPLOYMENT_TARGET = 16.2;
				MTL_ENABLE_DEBUG_INFO = NO;
				MTL_FAST_MATH = YES;
				SDKROOT = iphoneos;
				SWIFT_COMPILATION_MODE = wholemodule;
				SWIFT_OPTIMIZATION_LEVEL = "-O";
				VALIDATE_PRODUCT = YES;
			};
			name = Release;
		};
		855C890729B68EA50010A209 /* Debug */ = {
			isa = XCBuildConfiguration;
			buildSettings = {
				ASSETCATALOG_COMPILER_APPICON_NAME = AppIcon;
				ASSETCATALOG_COMPILER_GLOBAL_ACCENT_COLOR_NAME = AccentColor;
				CODE_SIGN_STYLE = Automatic;
				CURRENT_PROJECT_VERSION = 1;
				DEVELOPMENT_ASSET_PATHS = "\"ChefGPT/Preview Content\"";
				DEVELOPMENT_TEAM = 9UBGR8SHZN;
				ENABLE_PREVIEWS = YES;
				GENERATE_INFOPLIST_FILE = YES;
				INFOPLIST_KEY_NSCameraUsageDescription = "Please enable camera usage to allow taking photos of food.";
				INFOPLIST_KEY_UIApplicationSceneManifest_Generation = YES;
				INFOPLIST_KEY_UIApplicationSupportsIndirectInputEvents = YES;
				INFOPLIST_KEY_UILaunchScreen_Generation = YES;
				INFOPLIST_KEY_UISupportedInterfaceOrientations = UIInterfaceOrientationPortrait;
				INFOPLIST_KEY_UIUserInterfaceStyle = Light;
				LD_RUNPATH_SEARCH_PATHS = (
					"$(inherited)",
					"@executable_path/Frameworks",
				);
				MARKETING_VERSION = 1.0;
				PRODUCT_BUNDLE_IDENTIFIER = ajaymoturi0.ChefGPT;
				PRODUCT_NAME = "$(TARGET_NAME)";
				SWIFT_EMIT_LOC_STRINGS = YES;
				SWIFT_VERSION = 5.0;
				TARGETED_DEVICE_FAMILY = "1,2";
			};
			name = Debug;
		};
		855C890829B68EA50010A209 /* Release */ = {
			isa = XCBuildConfiguration;
			buildSettings = {
				ASSETCATALOG_COMPILER_APPICON_NAME = AppIcon;
				ASSETCATALOG_COMPILER_GLOBAL_ACCENT_COLOR_NAME = AccentColor;
				CODE_SIGN_STYLE = Automatic;
				CURRENT_PROJECT_VERSION = 1;
				DEVELOPMENT_ASSET_PATHS = "\"ChefGPT/Preview Content\"";
				DEVELOPMENT_TEAM = 9UBGR8SHZN;
				ENABLE_PREVIEWS = YES;
				GENERATE_INFOPLIST_FILE = YES;
				INFOPLIST_KEY_NSCameraUsageDescription = "Please enable camera usage to allow taking photos of food.";
				INFOPLIST_KEY_UIApplicationSceneManifest_Generation = YES;
				INFOPLIST_KEY_UIApplicationSupportsIndirectInputEvents = YES;
				INFOPLIST_KEY_UILaunchScreen_Generation = YES;
				INFOPLIST_KEY_UISupportedInterfaceOrientations = UIInterfaceOrientationPortrait;
				INFOPLIST_KEY_UIUserInterfaceStyle = Light;
				LD_RUNPATH_SEARCH_PATHS = (
					"$(inherited)",
					"@executable_path/Frameworks",
				);
				MARKETING_VERSION = 1.0;
				PRODUCT_BUNDLE_IDENTIFIER = ajaymoturi0.ChefGPT;
				PRODUCT_NAME = "$(TARGET_NAME)";
				SWIFT_EMIT_LOC_STRINGS = YES;
				SWIFT_VERSION = 5.0;
				TARGETED_DEVICE_FAMILY = "1,2";
			};
			name = Release;
		};
		855C890A29B68EA50010A209 /* Debug */ = {
			isa = XCBuildConfiguration;
			buildSettings = {
				ALWAYS_EMBED_SWIFT_STANDARD_LIBRARIES = YES;
				BUNDLE_LOADER = "$(TEST_HOST)";
				CODE_SIGN_STYLE = Automatic;
				CURRENT_PROJECT_VERSION = 1;
				DEVELOPMENT_TEAM = 9UBGR8SHZN;
				GENERATE_INFOPLIST_FILE = YES;
				IPHONEOS_DEPLOYMENT_TARGET = 16.2;
				MARKETING_VERSION = 1.0;
				PRODUCT_BUNDLE_IDENTIFIER = AjayMoturi.ChefGPTTests;
				PRODUCT_NAME = "$(TARGET_NAME)";
				SWIFT_EMIT_LOC_STRINGS = NO;
				SWIFT_VERSION = 5.0;
				TARGETED_DEVICE_FAMILY = "1,2";
				TEST_HOST = "$(BUILT_PRODUCTS_DIR)/ChefGPT.app/$(BUNDLE_EXECUTABLE_FOLDER_PATH)/ChefGPT";
			};
			name = Debug;
		};
		855C890B29B68EA50010A209 /* Release */ = {
			isa = XCBuildConfiguration;
			buildSettings = {
				ALWAYS_EMBED_SWIFT_STANDARD_LIBRARIES = YES;
				BUNDLE_LOADER = "$(TEST_HOST)";
				CODE_SIGN_STYLE = Automatic;
				CURRENT_PROJECT_VERSION = 1;
				DEVELOPMENT_TEAM = 9UBGR8SHZN;
				GENERATE_INFOPLIST_FILE = YES;
				IPHONEOS_DEPLOYMENT_TARGET = 16.2;
				MARKETING_VERSION = 1.0;
				PRODUCT_BUNDLE_IDENTIFIER = AjayMoturi.ChefGPTTests;
				PRODUCT_NAME = "$(TARGET_NAME)";
				SWIFT_EMIT_LOC_STRINGS = NO;
				SWIFT_VERSION = 5.0;
				TARGETED_DEVICE_FAMILY = "1,2";
				TEST_HOST = "$(BUILT_PRODUCTS_DIR)/ChefGPT.app/$(BUNDLE_EXECUTABLE_FOLDER_PATH)/ChefGPT";
			};
			name = Release;
		};
		855C890D29B68EA50010A209 /* Debug */ = {
			isa = XCBuildConfiguration;
			buildSettings = {
				ALWAYS_EMBED_SWIFT_STANDARD_LIBRARIES = YES;
				CODE_SIGN_STYLE = Automatic;
				CURRENT_PROJECT_VERSION = 1;
				DEVELOPMENT_TEAM = 9UBGR8SHZN;
				GENERATE_INFOPLIST_FILE = YES;
				MARKETING_VERSION = 1.0;
				PRODUCT_BUNDLE_IDENTIFIER = AjayMoturi.ChefGPTUITests;
				PRODUCT_NAME = "$(TARGET_NAME)";
				SWIFT_EMIT_LOC_STRINGS = NO;
				SWIFT_VERSION = 5.0;
				TARGETED_DEVICE_FAMILY = "1,2";
				TEST_TARGET_NAME = ChefGPT;
			};
			name = Debug;
		};
		855C890E29B68EA50010A209 /* Release */ = {
			isa = XCBuildConfiguration;
			buildSettings = {
				ALWAYS_EMBED_SWIFT_STANDARD_LIBRARIES = YES;
				CODE_SIGN_STYLE = Automatic;
				CURRENT_PROJECT_VERSION = 1;
				DEVELOPMENT_TEAM = 9UBGR8SHZN;
				GENERATE_INFOPLIST_FILE = YES;
				MARKETING_VERSION = 1.0;
				PRODUCT_BUNDLE_IDENTIFIER = AjayMoturi.ChefGPTUITests;
				PRODUCT_NAME = "$(TARGET_NAME)";
				SWIFT_EMIT_LOC_STRINGS = NO;
				SWIFT_VERSION = 5.0;
				TARGETED_DEVICE_FAMILY = "1,2";
				TEST_TARGET_NAME = ChefGPT;
			};
			name = Release;
		};
/* End XCBuildConfiguration section */

/* Begin XCConfigurationList section */
		855C88DD29B68EA40010A209 /* Build configuration list for PBXProject "ChefGPT" */ = {
			isa = XCConfigurationList;
			buildConfigurations = (
				855C890429B68EA50010A209 /* Debug */,
				855C890529B68EA50010A209 /* Release */,
			);
			defaultConfigurationIsVisible = 0;
			defaultConfigurationName = Release;
		};
		855C890629B68EA50010A209 /* Build configuration list for PBXNativeTarget "ChefGPT" */ = {
			isa = XCConfigurationList;
			buildConfigurations = (
				855C890729B68EA50010A209 /* Debug */,
				855C890829B68EA50010A209 /* Release */,
			);
			defaultConfigurationIsVisible = 0;
			defaultConfigurationName = Release;
		};
		855C890929B68EA50010A209 /* Build configuration list for PBXNativeTarget "ChefGPTTests" */ = {
			isa = XCConfigurationList;
			buildConfigurations = (
				855C890A29B68EA50010A209 /* Debug */,
				855C890B29B68EA50010A209 /* Release */,
			);
			defaultConfigurationIsVisible = 0;
			defaultConfigurationName = Release;
		};
		855C890C29B68EA50010A209 /* Build configuration list for PBXNativeTarget "ChefGPTUITests" */ = {
			isa = XCConfigurationList;
			buildConfigurations = (
				855C890D29B68EA50010A209 /* Debug */,
				855C890E29B68EA50010A209 /* Release */,
			);
			defaultConfigurationIsVisible = 0;
			defaultConfigurationName = Release;
		};
/* End XCConfigurationList section */

/* Begin XCVersionGroup section */
		8572075529E1CE710069A954 /* RecipeModel.xcdatamodeld */ = {
			isa = XCVersionGroup;
			children = (
				8572075629E1CE710069A954 /* RecipeModel.xcdatamodel */,
			);
			currentVersion = 8572075629E1CE710069A954 /* RecipeModel.xcdatamodel */;
			path = RecipeModel.xcdatamodeld;
			sourceTree = "<group>";
			versionGroupType = wrapper.xcdatamodel;
		};
/* End XCVersionGroup section */
	};
	rootObject = 855C88DA29B68EA40010A209 /* Project object */;
}
